
Microsoft Visual Studio Solution File, Format Version 12.00
# Visual Studio 2017
Project("{FAE04EC0-301F-11D3-BF4B-00C04F79EFBC}") = "Monster Rancher Unity", "Monster Rancher Unity.csproj", "{3669F099-B098-7772-62D4-3528EB8EA4C2}"
EndProject
Project("{FAE04EC0-301F-11D3-BF4B-00C04F79EFBC}") = "Monster Rancher Unity.Plugins", "Monster Rancher Unity.Plugins.csproj", "{8AC57381-7455-171B-A998-048F488F0DA4}"
EndProject
Project("{FAE04EC0-301F-11D3-BF4B-00C04F79EFBC}") = "Monster Rancher Unity.Editor.Plugins", "Monster Rancher Unity.Editor.Plugins.csproj", "{12A2EA42-C657-E48B-6F55-9172AC8795C1}"
EndProject
Global
	GlobalSection(SolutionConfigurationPlatforms) = preSolution
		Debug|Any CPU = Debug|Any CPU
		Release|Any CPU = Release|Any CPU
	EndGlobalSection
	GlobalSection(ProjectConfigurationPlatforms) = postSolution
		{3669F099-B098-7772-62D4-3528EB8EA4C2}.Debug|Any CPU.ActiveCfg = Debug|Any CPU
		{3669F099-B098-7772-62D4-3528EB8EA4C2}.Debug|Any CPU.Build.0 = Debug|Any CPU
		{3669F099-B098-7772-62D4-3528EB8EA4C2}.Release|Any CPU.ActiveCfg = Release|Any CPU
		{3669F099-B098-7772-62D4-3528EB8EA4C2}.Release|Any CPU.Build.0 = Release|Any CPU
		{8AC57381-7455-171B-A998-048F488F0DA4}.Debug|Any CPU.ActiveCfg = Debug|Any CPU
		{8AC57381-7455-171B-A998-048F488F0DA4}.Debug|Any CPU.Build.0 = Debug|Any CPU
		{8AC57381-7455-171B-A998-048F488F0DA4}.Release|Any CPU.ActiveCfg = Release|Any CPU
		{8AC57381-7455-171B-A998-048F488F0DA4}.Release|Any CPU.Build.0 = Release|Any CPU
		{12A2EA42-C657-E48B-6F55-9172AC8795C1}.Debug|Any CPU.ActiveCfg = Debug|Any CPU
		{12A2EA42-C657-E48B-6F55-9172AC8795C1}.Debug|Any CPU.Build.0 = Debug|Any CPU
		{12A2EA42-C657-E48B-6F55-9172AC8795C1}.Release|Any CPU.ActiveCfg = Release|Any CPU
		{12A2EA42-C657-E48B-6F55-9172AC8795C1}.Release|Any CPU.Build.0 = Release|Any CPU
	EndGlobalSection
	GlobalSection(SolutionProperties) = preSolution
		HideSolutionNode = FALSE
	EndGlobalSection
EndGlobal
